Microsoft Visual Studio Solution File, Format Version 12.00
# Visual Studio Version 17
VisualStudioVersion = 17.5.2.0
MinimumVisualStudioVersion = 10.0.40219.1
Project("{FAE04EC0-301F-11D3-BF4B-00C04F79EFBC}") = "emfConvert", "emfConvert.csproj", "{442A2F35-DC7E-618C-C3CB-9E466B77784D}"
EndProject
Global
	GlobalSection(SolutionConfigurationPlatforms) = preSolution
		Debug|Any CPU = Debug|Any CPU
		Release|Any CPU = Release|Any CPU
	EndGlobalSection
	GlobalSection(ProjectConfigurationPlatforms) = postSolution
		{442A2F35-DC7E-618C-C3CB-9E466B77784D}.Debug|Any CPU.ActiveCfg = Debug|Any CPU
		{442A2F35-DC7E-618C-C3CB-9E466B77784D}.Debug|Any CPU.Build.0 = Debug|Any CPU
		{442A2F35-DC7E-618C-C3CB-9E466B77784D}.Release|Any CPU.ActiveCfg = Release|Any CPU
		{442A2F35-DC7E-618C-C3CB-9E466B77784D}.Release|Any CPU.Build.0 = Release|Any CPU
	EndGlobalSection
	GlobalSection(SolutionProperties) = preSolution
		HideSolutionNode = FALSE
	EndGlobalSection
	GlobalSection(ExtensibilityGlobals) = postSolution
		SolutionGuid = {158714D6-99E9-4954-8356-DAC4F142A399}
	EndGlobalSection
EndGlobal
